{
  "requires": true,
  "lockfileVersion": 1,
  "dependencies": {
    "twgl.js": {
      "version": "4.9.0",
      "resolved": "https://registry.npmjs.org/twgl.js/-/twgl.js-4.9.0.tgz",
      "integrity": "sha512-W1Bx9zGnh8MezOua2WOuxKm8S+JO2qoIk/UnHeMjICsSphlgeMfpY9AERBPOjxHcAmW1l8QTDzJu1f5lL1MocA=="
    }
  }
}
